// !$*UTF8*$!
{
	archiveVersion = 1;
	classes = {
	};
	objectVersion = 55;
	objects = {

/* Begin PBXBuildFile section */
		15921269276F2230009B37B2 /* AppDelegate.swift in Sources */ = {isa = PBXBuildFile; fileRef = 15921268276F2230009B37B2 /* AppDelegate.swift */; };
		1592126B276F2230009B37B2 /* SceneDelegate.swift in Sources */ = {isa = PBXBuildFile; fileRef = 1592126A276F2230009B37B2 /* SceneDelegate.swift */; };
		1592126D276F2230009B37B2 /* ViewController.swift in Sources */ = {isa = PBXBuildFile; fileRef = 1592126C276F2230009B37B2 /* ViewController.swift */; };
		15921270276F2230009B37B2 /* Main.storyboard in Resources */ = {isa = PBXBuildFile; fileRef = 1592126E276F2230009B37B2 /* Main.storyboard */; };
		15921272276F2231009B37B2 /* Assets.xcassets in Resources */ = {isa = PBXBuildFile; fileRef = 15921271276F2231009B37B2 /* Assets.xcassets */; };
		15921275276F2231009B37B2 /* LaunchScreen.storyboard in Resources */ = {isa = PBXBuildFile; fileRef = 15921273276F2231009B37B2 /* LaunchScreen.storyboard */; };
		1592127D276F26E7009B37B2 /* GridCVC.swift in Sources */ = {isa = PBXBuildFile; fileRef = 1592127C276F26E7009B37B2 /* GridCVC.swift */; };
		1592127F276F4E87009B37B2 /* KurlyHomePracticeVC.swift in Sources */ = {isa = PBXBuildFile; fileRef = 1592127E276F4E87009B37B2 /* KurlyHomePracticeVC.swift */; };
		15921281276F4FD9009B37B2 /* BannerCVC.swift in Sources */ = {isa = PBXBuildFile; fileRef = 15921280276F4FD9009B37B2 /* BannerCVC.swift */; };
		15921283276F613B009B37B2 /* ProductCVC.swift in Sources */ = {isa = PBXBuildFile; fileRef = 15921282276F613B009B37B2 /* ProductCVC.swift */; };
/* End PBXBuildFile section */

/* Begin PBXFileReference section */
		15921265276F2230009B37B2 /* CollectionCompositionalLayout.app */ = {isa = PBXFileReference; explicitFileType = wrapper.application; includeInIndex = 0; path = CollectionCompositionalLayout.app; sourceTree = BUILT_PRODUCTS_DIR; };
		15921268276F2230009B37B2 /* AppDelegate.swift */ = {isa = PBXFileReference; lastKnownFileType = sourcecode.swift; path = AppDelegate.swift; sourceTree = "<group>"; };
		1592126A276F2230009B37B2 /* SceneDelegate.swift */ = {isa = PBXFileReference; lastKnownFileType = sourcecode.swift; path = SceneDelegate.swift; sourceTree = "<group>"; };
		1592126C276F2230009B37B2 /* ViewController.swift */ = {isa = PBXFileReference; lastKnownFileType = sourcecode.swift; path = ViewController.swift; sourceTree = "<group>"; };
		1592126F276F2230009B37B2 /* Base */ = {isa = PBXFileReference; lastKnownFileType = file.storyboard; name = Base; path = Base.lproj/Main.storyboard; sourceTree = "<group>"; };
		15921271276F2231009B37B2 /* Assets.xcassets */ = {isa = PBXFileReference; lastKnownFileType = folder.assetcatalog; path = Assets.xcassets; sourceTree = "<group>"; };
		15921274276F2231009B37B2 /* Base */ = {isa = PBXFileReference; lastKnownFileType = file.storyboard; name = Base; path = Base.lproj/LaunchScreen.storyboard; sourceTree = "<group>"; };
		15921276276F2231009B37B2 /* Info.plist */ = {isa = PBXFileReference; lastKnownFileType = text.plist.xml; path = Info.plist; sourceTree = "<group>"; };
		1592127C276F26E7009B37B2 /* GridCVC.swift */ = {isa = PBXFileReference; lastKnownFileType = sourcecode.swift; path = GridCVC.swift; sourceTree = "<group>"; };
		1592127E276F4E87009B37B2 /* KurlyHomePracticeVC.swift */ = {isa = PBXFileReference; lastKnownFileType = sourcecode.swift; path = KurlyHomePracticeVC.swift; sourceTree = "<group>"; };
		15921280276F4FD9009B37B2 /* BannerCVC.swift */ = {isa = PBXFileReference; lastKnownFileType = sourcecode.swift; path = BannerCVC.swift; sourceTree = "<group>"; };
		15921282276F613B009B37B2 /* ProductCVC.swift */ = {isa = PBXFileReference; lastKnownFileType = sourcecode.swift; path = ProductCVC.swift; sourceTree = "<group>"; };
/* End PBXFileReference section */

/* Begin PBXFrameworksBuildPhase section */
		15921262276F2230009B37B2 /* Frameworks */ = {
			isa = PBXFrameworksBuildPhase;
			buildActionMask = 2147483647;
			files = (
			);
			runOnlyForDeploymentPostprocessing = 0;
		};
/* End PBXFrameworksBuildPhase section */

/* Begin PBXGroup section */
		1592125C276F2230009B37B2 = {
			isa = PBXGroup;
			children = (
				15921267276F2230009B37B2 /* CollectionCompositionalLayout */,
				15921266276F2230009B37B2 /* Products */,
			);
			sourceTree = "<group>";
		};
		15921266276F2230009B37B2 /* Products */ = {
			isa = PBXGroup;
			children = (
				15921265276F2230009B37B2 /* CollectionCompositionalLayout.app */,
			);
			name = Products;
			sourceTree = "<group>";
		};
		15921267276F2230009B37B2 /* CollectionCompositionalLayout */ = {
			isa = PBXGroup;
			children = (
				15921268276F2230009B37B2 /* AppDelegate.swift */,
				1592126A276F2230009B37B2 /* SceneDelegate.swift */,
				1592126C276F2230009B37B2 /* ViewController.swift */,
				1592126E276F2230009B37B2 /* Main.storyboard */,
				15921282276F613B009B37B2 /* ProductCVC.swift */,
				15921280276F4FD9009B37B2 /* BannerCVC.swift */,
				1592127E276F4E87009B37B2 /* KurlyHomePracticeVC.swift */,
				1592127C276F26E7009B37B2 /* GridCVC.swift */,
				15921271276F2231009B37B2 /* Assets.xcassets */,
				15921273276F2231009B37B2 /* LaunchScreen.storyboard */,
				15921276276F2231009B37B2 /* Info.plist */,
			);
			path = CollectionCompositionalLayout;
			sourceTree = "<group>";
		};
/* End PBXGroup section */

/* Begin PBXNativeTarget section */
		15921264276F2230009B37B2 /* CollectionCompositionalLayout */ = {
			isa = PBXNativeTarget;
			buildConfigurationList = 15921279276F2231009B37B2 /* Build configuration list for PBXNativeTarget "CollectionCompositionalLayout" */;
			buildPhases = (
				15921261276F2230009B37B2 /* Sources */,
				15921262276F2230009B37B2 /* Frameworks */,
				15921263276F2230009B37B2 /* Resources */,
			);
			buildRules = (
			);
			dependencies = (
			);
			name = CollectionCompositionalLayout;
			productName = CollectionCompositionalLayout;
			productReference = 15921265276F2230009B37B2 /* CollectionCompositionalLayout.app */;
			productType = "com.apple.product-type.application";
		};
/* End PBXNativeTarget section */

/* Begin PBXProject section */
		1592125D276F2230009B37B2 /* Project object */ = {
			isa = PBXProject;
			attributes = {
				BuildIndependentTargetsInParallel = 1;
				LastSwiftUpdateCheck = 1310;
				LastUpgradeCheck = 1310;
				TargetAttributes = {
					15921264276F2230009B37B2 = {
						CreatedOnToolsVersion = 13.1;
					};
				};
			};
			buildConfigurationList = 15921260276F2230009B37B2 /* Build configuration list for PBXProject "CollectionCompositionalLayout" */;
			compatibilityVersion = "Xcode 13.0";
			developmentRegion = en;
			hasScannedForEncodings = 0;
			knownRegions = (
				en,
				Base,
			);
			mainGroup = 1592125C276F2230009B37B2;
			productRefGroup = 15921266276F2230009B37B2 /* Products */;
			projectDirPath = "";
			projectRoot = "";
			targets = (
				15921264276F2230009B37B2 /* CollectionCompositionalLayout */,
			);
		};
/* End PBXProject section */

/* Begin PBXResourcesBuildPhase section */
		15921263276F2230009B37B2 /* Resources */ = {
			isa = PBXResourcesBuildPhase;
			buildActionMask = 2147483647;
			files = (
				15921275276F2231009B37B2 /* LaunchScreen.storyboard in Resources */,
				15921272276F2231009B37B2 /* Assets.xcassets in Resources */,
				15921270276F2230009B37B2 /* Main.storyboard in Resources */,
			);
			runOnlyForDeploymentPostprocessing = 0;
		};
/* End PBXResourcesBuildPhase section */

/* Begin PBXSourcesBuildPhase section */
		15921261276F2230009B37B2 /* Sources */ = {
			isa = PBXSourcesBuildPhase;
			buildActionMask = 2147483647;
			files = (
				1592126D276F2230009B37B2 /* ViewController.swift in Sources */,
				15921269276F2230009B37B2 /* AppDelegate.swift in Sources */,
				15921283276F613B009B37B2 /* ProductCVC.swift in Sources */,
				15921281276F4FD9009B37B2 /* BannerCVC.swift in Sources */,
				1592127D276F26E7009B37B2 /* GridCVC.swift in Sources */,
				1592127F276F4E87009B37B2 /* KurlyHomePracticeVC.swift in Sources */,
				1592126B276F2230009B37B2 /* SceneDelegate.swift in Sources */,
			);
			runOnlyForDeploymentPostprocessing = 0;
		};
/* End PBXSourcesBuildPhase section */

/* Begin PBXVariantGroup section */
		1592126E276F2230009B37B2 /* Main.storyboard */ = {
			isa = PBXVariantGroup;
			children = (
				1592126F276F2230009B37B2 /* Base */,
			);
			name = Main.storyboard;
			sourceTree = "<group>";
		};
		15921273276F2231009B37B2 /* LaunchScreen.storyboard */ = {
			isa = PBXVariantGroup;
			children = (
				15921274276F2231009B37B2 /* Base */,
			);
			name = LaunchScreen.storyboard;
			sourceTree = "<group>";
		};
/* End PBXVariantGroup section */

/* Begin XCBuildConfiguration section */
		15921277276F2231009B37B2 /* Debug */ = {
			isa = XCBuildConfiguration;
			buildSettings = {
				ALWAYS_SEARCH_USER_PATHS = NO;
				CLANG_ANALYZER_NONNULL = YES;
				CLANG_ANALYZER_NUMBER_OBJECT_CONVERSION = YES_AGGRESSIVE;
				CLANG_CXX_LANGUAGE_STANDARD = "gnu++17";
				CLANG_CXX_LIBRARY = "libc++";
				CLANG_ENABLE_MODULES = YES;
				CLANG_ENABLE_OBJC_ARC = YES;
				CLANG_ENABLE_OBJC_WEAK = YES;
				CLANG_WARN_BLOCK_CAPTURE_AUTORELEASING = YES;
				CLANG_WARN_BOOL_CONVERSION = YES;
				CLANG_WARN_COMMA = YES;
				CLANG_WARN_CONSTANT_CONVERSION = YES;
				CLANG_WARN_DEPRECATED_OBJC_IMPLEMENTATIONS = YES;
				CLANG_WARN_DIRECT_OBJC_ISA_USAGE = YES_ERROR;
				CLANG_WARN_DOCUMENTATION_COMMENTS = YES;
				CLANG_WARN_EMPTY_BODY = YES;
				CLANG_WARN_ENUM_CONVERSION = YES;
				CLANG_WARN_INFINITE_RECURSION = YES;
				CLANG_WARN_INT_CONVERSION = YES;
				CLANG_WARN_NON_LITERAL_NULL_CONVERSION = YES;
				CLANG_WARN_OBJC_IMPLICIT_RETAIN_SELF = YES;
				CLANG_WARN_OBJC_LITERAL_CONVERSION = YES;
				CLANG_WARN_OBJC_ROOT_CLASS = YES_ERROR;
				CLANG_WARN_QUOTED_INCLUDE_IN_FRAMEWORK_HEADER = YES;
				CLANG_WARN_RANGE_LOOP_ANALYSIS = YES;
				CLANG_WARN_STRICT_PROTOTYPES = YES;
				CLANG_WARN_SUSPICIOUS_MOVE = YES;
				CLANG_WARN_UNGUARDED_AVAILABILITY = YES_AGGRESSIVE;
				CLANG_WARN_UNREACHABLE_CODE = YES;
				CLANG_WARN__DUPLICATE_METHOD_MATCH = YES;
				COPY_PHASE_STRIP = NO;
				DEBUG_INFORMATION_FORMAT = dwarf;
				ENABLE_STRICT_OBJC_MSGSEND = YES;
				ENABLE_TESTABILITY = YES;
				GCC_C_LANGUAGE_STANDARD = gnu11;
				GCC_DYNAMIC_NO_PIC = NO;
				GCC_NO_COMMON_BLOCKS = YES;
				GCC_OPTIMIZATION_LEVEL = 0;
				GCC_PREPROCESSOR_DEFINITIONS = (
					"DEBUG=1",
					"$(inherited)",
				);
				GCC_WARN_64_TO_32_BIT_CONVERSION = YES;
				GCC_WARN_ABOUT_RETURN_TYPE = YES_ERROR;
				GCC_WARN_UNDECLARED_SELECTOR = YES;
				GCC_WARN_UNINITIALIZED_AUTOS = YES_AGGRESSIVE;
				GCC_WARN_UNUSED_FUNCTION = YES;
				GCC_WARN_UNUSED_VARIABLE = YES;
				IPHONEOS_DEPLOYMENT_TARGET = 15.0;
				MTL_ENABLE_DEBUG_INFO = INCLUDE_SOURCE;
				MTL_FAST_MATH = YES;
				ONLY_ACTIVE_ARCH = YES;
				SDKROOT = iphoneos;
				SWIFT_ACTIVE_COMPILATION_CONDITIONS = DEBUG;
				SWIFT_OPTIMIZATION_LEVEL = "-Onone";
			};
			name = Debug;
		};
		15921278276F2231009B37B2 /* Release */ = {
			isa = XCBuildConfiguration;
			buildSettings = {
				ALWAYS_SEARCH_USER_PATHS = NO;
				CLANG_ANALYZER_NONNULL = YES;
				CLANG_ANALYZER_NUMBER_OBJECT_CONVERSION = YES_AGGRESSIVE;
				CLANG_CXX_LANGUAGE_STANDARD = "gnu++17";
				CLANG_CXX_LIBRARY = "libc++";
				CLANG_ENABLE_MODULES = YES;
				CLANG_ENABLE_OBJC_ARC = YES;
				CLANG_ENABLE_OBJC_WEAK = YES;
				CLANG_WARN_BLOCK_CAPTURE_AUTORELEASING = YES;
				CLANG_WARN_BOOL_CONVERSION = YES;
				CLANG_WARN_COMMA = YES;
				CLANG_WARN_CONSTANT_CONVERSION = YES;
				CLANG_WARN_DEPRECATED_OBJC_IMPLEMENTATIONS = YES;
				CLANG_WARN_DIRECT_OBJC_ISA_USAGE = YES_ERROR;
				CLANG_WARN_DOCUMENTATION_COMMENTS = YES;
				CLANG_WARN_EMPTY_BODY = YES;
				CLANG_WARN_ENUM_CONVERSION = YES;
				CLANG_WARN_INFINITE_RECURSION = YES;
				CLANG_WARN_INT_CONVERSION = YES;
				CLANG_WARN_NON_LITERAL_NULL_CONVERSION = YES;
				CLANG_WARN_OBJC_IMPLICIT_RETAIN_SELF = YES;
				CLANG_WARN_OBJC_LITERAL_CONVERSION = YES;
				CLANG_WARN_OBJC_ROOT_CLASS = YES_ERROR;
				CLANG_WARN_QUOTED_INCLUDE_IN_FRAMEWORK_HEADER = YES;
				CLANG_WARN_RANGE_LOOP_ANALYSIS = YES;
				CLANG_WARN_STRICT_PROTOTYPES = YES;
				CLANG_WARN_SUSPICIOUS_MOVE = YES;
				CLANG_WARN_UNGUARDED_AVAILABILITY = YES_AGGRESSIVE;
				CLANG_WARN_UNREACHABLE_CODE = YES;
				CLANG_WARN__DUPLICATE_METHOD_MATCH = YES;
				COPY_PHASE_STRIP = NO;
				DEBUG_INFORMATION_FORMAT = "dwarf-with-dsym";
				ENABLE_NS_ASSERTIONS = NO;
				ENABLE_STRICT_OBJC_MSGSEND = YES;
				GCC_C_LANGUAGE_STANDARD = gnu11;
				GCC_NO_COMMON_BLOCKS = YES;
				GCC_WARN_64_TO_32_BIT_CONVERSION = YES;
				GCC_WARN_ABOUT_RETURN_TYPE = YES_ERROR;
				GCC_WARN_UNDECLARED_SELECTOR = YES;
				GCC_WARN_UNINITIALIZED_AUTOS = YES_AGGRESSIVE;
				GCC_WARN_UNUSED_FUNCTION = YES;
				GCC_WARN_UNUSED_VARIABLE = YES;
				IPHONEOS_DEPLOYMENT_TARGET = 15.0;
				MTL_ENABLE_DEBUG_INFO = NO;
				MTL_FAST_MATH = YES;
				SDKROOT = iphoneos;
				SWIFT_COMPILATION_MODE = wholemodule;
				SWIFT_OPTIMIZATION_LEVEL = "-O";
				VALIDATE_PRODUCT = YES;
			};
			name = Release;
		};
		1592127A276F2231009B37B2 /* Debug */ = {
			isa = XCBuildConfiguration;
			buildSettings = {
				ASSETCATALOG_COMPILER_APPICON_NAME = AppIcon;
				ASSETCATALOG_COMPILER_GLOBAL_ACCENT_COLOR_NAME = AccentColor;
				CODE_SIGN_STYLE = Automatic;
				CURRENT_PROJECT_VERSION = 1;
				GENERATE_INFOPLIST_FILE = YES;
				INFOPLIST_FILE = CollectionCompositionalLayout/Info.plist;
				INFOPLIST_KEY_UIApplicationSupportsIndirectInputEvents = YES;
				INFOPLIST_KEY_UILaunchStoryboardName = LaunchScreen;
				INFOPLIST_KEY_UIMainStoryboardFile = Main;
				INFOPLIST_KEY_UISupportedInterfaceOrientations_iPad = "UIInterfaceOrientationPortrait UIInterfaceOrientationPortraitUpsideDown UIInterfaceOrientationLandscapeLeft UIInterfaceOrientationLandscapeRight";
				INFOPLIST_KEY_UISupportedInterfaceOrientations_iPhone = "UIInterfaceOrientationPortrait UIInterfaceOrientationLandscapeLeft UIInterfaceOrientationLandscapeRight";
				LD_RUNPATH_SEARCH_PATHS = (
					"$(inherited)",
					"@executable_path/Frameworks",
				);
				MARKETING_VERSION = 1.0;
				PRODUCT_BUNDLE_IDENTIFIER = kimhyesu.CollectionCompositionalLayout;
				PRODUCT_NAME = "$(TARGET_NAME)";
				SWIFT_EMIT_LOC_STRINGS = YES;
				SWIFT_VERSION = 5.0;
				TARGETED_DEVICE_FAMILY = "1,2";
			};
			name = Debug;
		};
		1592127B276F2231009B37B2 /* Release */ = {
			isa = XCBuildConfiguration;
			buildSettings = {
				ASSETCATALOG_COMPILER_APPICON_NAME = AppIcon;
				ASSETCATALOG_COMPILER_GLOBAL_ACCENT_COLOR_NAME = AccentColor;
				CODE_SIGN_STYLE = Automatic;
				CURRENT_PROJECT_VERSION = 1;
				GENERATE_INFOPLIST_FILE = YES;
				INFOPLIST_FILE = CollectionCompositionalLayout/Info.plist;
				INFOPLIST_KEY_UIApplicationSupportsIndirectInputEvents = YES;
				INFOPLIST_KEY_UILaunchStoryboardName = LaunchScreen;
				INFOPLIST_KEY_UIMainStoryboardFile = Main;
				INFOPLIST_KEY_UISupportedInterfaceOrientations_iPad = "UIInterfaceOrientationPortrait UIInterfaceOrientationPortraitUpsideDown UIInterfaceOrientationLandscapeLeft UIInterfaceOrientationLandscapeRight";
				INFOPLIST_KEY_UISupportedInterfaceOrientations_iPhone = "UIInterfaceOrientationPortrait UIInterfaceOrientationLandscapeLeft UIInterfaceOrientationLandscapeRight";
				LD_RUNPATH_SEARCH_PATHS = (
					"$(inherited)",
					"@executable_path/Frameworks",
				);
				MARKETING_VERSION = 1.0;
				PRODUCT_BUNDLE_IDENTIFIER = kimhyesu.CollectionCompositionalLayout;
				PRODUCT_NAME = "$(TARGET_NAME)";
				SWIFT_EMIT_LOC_STRINGS = YES;
				SWIFT_VERSION = 5.0;
				TARGETED_DEVICE_FAMILY = "1,2";
			};
			name = Release;
		};
/* End XCBuildConfiguration section */

/* Begin XCConfigurationList section */
		15921260276F2230009B37B2 /* Build configuration list for PBXProject "CollectionCompositionalLayout" */ = {
			isa = XCConfigurationList;
			buildConfigurations = (
				15921277276F2231009B37B2 /* Debug */,
				15921278276F2231009B37B2 /* Release */,
			);
			defaultConfigurationIsVisible = 0;
			defaultConfigurationName = Release;
		};
		15921279276F2231009B37B2 /* Build configuration list for PBXNativeTarget "CollectionCompositionalLayout" */ = {
			isa = XCConfigurationList;
			buildConfigurations = (
				1592127A276F2231009B37B2 /* Debug */,
				1592127B276F2231009B37B2 /* Release */,
			);
			defaultConfigurationIsVisible = 0;
			defaultConfigurationName = Release;
		};
/* End XCConfigurationList section */
	};
	rootObject = 1592125D276F2230009B37B2 /* Project object */;
}
