// !$*UTF8*$!
{
	archiveVersion = 1;
	classes = {
	};
	objectVersion = 50;
	objects = {

/* Begin PBXBuildFile section */
		151BDE04269AA8210080D2A3 /* AppDelegate.swift in Sources */ = {isa = PBXBuildFile; fileRef = 151BDE03269AA8210080D2A3 /* AppDelegate.swift */; };
		151BDE06269AA8210080D2A3 /* SceneDelegate.swift in Sources */ = {isa = PBXBuildFile; fileRef = 151BDE05269AA8210080D2A3 /* SceneDelegate.swift */; };
		151BDE08269AA8210080D2A3 /* ViewController.swift in Sources */ = {isa = PBXBuildFile; fileRef = 151BDE07269AA8210080D2A3 /* ViewController.swift */; };
		151BDE0B269AA8210080D2A3 /* Main.storyboard in Resources */ = {isa = PBXBuildFile; fileRef = 151BDE09269AA8210080D2A3 /* Main.storyboard */; };
		151BDE0D269AA8220080D2A3 /* Assets.xcassets in Resources */ = {isa = PBXBuildFile; fileRef = 151BDE0C269AA8220080D2A3 /* Assets.xcassets */; };
		151BDE10269AA8220080D2A3 /* LaunchScreen.storyboard in Resources */ = {isa = PBXBuildFile; fileRef = 151BDE0E269AA8220080D2A3 /* LaunchScreen.storyboard */; };
		6349347C65EA032DE588F7D1 /* Pods_YPImagePicker_Prac.framework in Frameworks */ = {isa = PBXBuildFile; fileRef = 3C402367F295D15309EB88E3 /* Pods_YPImagePicker_Prac.framework */; };
/* End PBXBuildFile section */

/* Begin PBXFileReference section */
		151BDE00269AA8210080D2A3 /* YPImagePicker-Prac.app */ = {isa = PBXFileReference; explicitFileType = wrapper.application; includeInIndex = 0; path = "YPImagePicker-Prac.app"; sourceTree = BUILT_PRODUCTS_DIR; };
		151BDE03269AA8210080D2A3 /* AppDelegate.swift */ = {isa = PBXFileReference; lastKnownFileType = sourcecode.swift; path = AppDelegate.swift; sourceTree = "<group>"; };
		151BDE05269AA8210080D2A3 /* SceneDelegate.swift */ = {isa = PBXFileReference; lastKnownFileType = sourcecode.swift; path = SceneDelegate.swift; sourceTree = "<group>"; };
		151BDE07269AA8210080D2A3 /* ViewController.swift */ = {isa = PBXFileReference; lastKnownFileType = sourcecode.swift; path = ViewController.swift; sourceTree = "<group>"; };
		151BDE0A269AA8210080D2A3 /* Base */ = {isa = PBXFileReference; lastKnownFileType = file.storyboard; name = Base; path = Base.lproj/Main.storyboard; sourceTree = "<group>"; };
		151BDE0C269AA8220080D2A3 /* Assets.xcassets */ = {isa = PBXFileReference; lastKnownFileType = folder.assetcatalog; path = Assets.xcassets; sourceTree = "<group>"; };
		151BDE0F269AA8220080D2A3 /* Base */ = {isa = PBXFileReference; lastKnownFileType = file.storyboard; name = Base; path = Base.lproj/LaunchScreen.storyboard; sourceTree = "<group>"; };
		151BDE11269AA8220080D2A3 /* Info.plist */ = {isa = PBXFileReference; lastKnownFileType = text.plist.xml; path = Info.plist; sourceTree = "<group>"; };
		3C402367F295D15309EB88E3 /* Pods_YPImagePicker_Prac.framework */ = {isa = PBXFileReference; explicitFileType = wrapper.framework; includeInIndex = 0; path = Pods_YPImagePicker_Prac.framework; sourceTree = BUILT_PRODUCTS_DIR; };
		5EC1E9A519766BE0B676BD19 /* Pods-YPImagePicker-Prac.release.xcconfig */ = {isa = PBXFileReference; includeInIndex = 1; lastKnownFileType = text.xcconfig; name = "Pods-YPImagePicker-Prac.release.xcconfig"; path = "Target Support Files/Pods-YPImagePicker-Prac/Pods-YPImagePicker-Prac.release.xcconfig"; sourceTree = "<group>"; };
		8E2B3D5CEC06461C0B0D711C /* Pods-YPImagePicker-Prac.debug.xcconfig */ = {isa = PBXFileReference; includeInIndex = 1; lastKnownFileType = text.xcconfig; name = "Pods-YPImagePicker-Prac.debug.xcconfig"; path = "Target Support Files/Pods-YPImagePicker-Prac/Pods-YPImagePicker-Prac.debug.xcconfig"; sourceTree = "<group>"; };
/* End PBXFileReference section */

/* Begin PBXFrameworksBuildPhase section */
		151BDDFD269AA8210080D2A3 /* Frameworks */ = {
			isa = PBXFrameworksBuildPhase;
			buildActionMask = 2147483647;
			files = (
				6349347C65EA032DE588F7D1 /* Pods_YPImagePicker_Prac.framework in Frameworks */,
			);
			runOnlyForDeploymentPostprocessing = 0;
		};
/* End PBXFrameworksBuildPhase section */

/* Begin PBXGroup section */
		0F99F9F1E55DA5FC466AEF15 /* Pods */ = {
			isa = PBXGroup;
			children = (
				8E2B3D5CEC06461C0B0D711C /* Pods-YPImagePicker-Prac.debug.xcconfig */,
				5EC1E9A519766BE0B676BD19 /* Pods-YPImagePicker-Prac.release.xcconfig */,
			);
			name = Pods;
			path = Pods;
			sourceTree = "<group>";
		};
		10BC564C1A82B7FDF2150AF7 /* Frameworks */ = {
			isa = PBXGroup;
			children = (
				3C402367F295D15309EB88E3 /* Pods_YPImagePicker_Prac.framework */,
			);
			name = Frameworks;
			sourceTree = "<group>";
		};
		151BDDF7269AA8210080D2A3 = {
			isa = PBXGroup;
			children = (
				151BDE02269AA8210080D2A3 /* YPImagePicker-Prac */,
				151BDE01269AA8210080D2A3 /* Products */,
				0F99F9F1E55DA5FC466AEF15 /* Pods */,
				10BC564C1A82B7FDF2150AF7 /* Frameworks */,
			);
			sourceTree = "<group>";
		};
		151BDE01269AA8210080D2A3 /* Products */ = {
			isa = PBXGroup;
			children = (
				151BDE00269AA8210080D2A3 /* YPImagePicker-Prac.app */,
			);
			name = Products;
			sourceTree = "<group>";
		};
		151BDE02269AA8210080D2A3 /* YPImagePicker-Prac */ = {
			isa = PBXGroup;
			children = (
				151BDE03269AA8210080D2A3 /* AppDelegate.swift */,
				151BDE05269AA8210080D2A3 /* SceneDelegate.swift */,
				151BDE07269AA8210080D2A3 /* ViewController.swift */,
				151BDE09269AA8210080D2A3 /* Main.storyboard */,
				151BDE0C269AA8220080D2A3 /* Assets.xcassets */,
				151BDE0E269AA8220080D2A3 /* LaunchScreen.storyboard */,
				151BDE11269AA8220080D2A3 /* Info.plist */,
			);
			path = "YPImagePicker-Prac";
			sourceTree = "<group>";
		};
/* End PBXGroup section */

/* Begin PBXNativeTarget section */
		151BDDFF269AA8210080D2A3 /* YPImagePicker-Prac */ = {
			isa = PBXNativeTarget;
			buildConfigurationList = 151BDE14269AA8220080D2A3 /* Build configuration list for PBXNativeTarget "YPImagePicker-Prac" */;
			buildPhases = (
				B5FC62D444E58DD5943B7ABB /* [CP] Check Pods Manifest.lock */,
				151BDDFC269AA8210080D2A3 /* Sources */,
				151BDDFD269AA8210080D2A3 /* Frameworks */,
				151BDDFE269AA8210080D2A3 /* Resources */,
				04C0EB0CEE4A85A9855EFC89 /* [CP] Embed Pods Frameworks */,
			);
			buildRules = (
			);
			dependencies = (
			);
			name = "YPImagePicker-Prac";
			productName = "YPImagePicker-Prac";
			productReference = 151BDE00269AA8210080D2A3 /* YPImagePicker-Prac.app */;
			productType = "com.apple.product-type.application";
		};
/* End PBXNativeTarget section */

/* Begin PBXProject section */
		151BDDF8269AA8210080D2A3 /* Project object */ = {
			isa = PBXProject;
			attributes = {
				LastSwiftUpdateCheck = 1250;
				LastUpgradeCheck = 1250;
				TargetAttributes = {
					151BDDFF269AA8210080D2A3 = {
						CreatedOnToolsVersion = 12.5;
					};
				};
			};
			buildConfigurationList = 151BDDFB269AA8210080D2A3 /* Build configuration list for PBXProject "YPImagePicker-Prac" */;
			compatibilityVersion = "Xcode 9.3";
			developmentRegion = en;
			hasScannedForEncodings = 0;
			knownRegions = (
				en,
				Base,
			);
			mainGroup = 151BDDF7269AA8210080D2A3;
			productRefGroup = 151BDE01269AA8210080D2A3 /* Products */;
			projectDirPath = "";
			projectRoot = "";
			targets = (
				151BDDFF269AA8210080D2A3 /* YPImagePicker-Prac */,
			);
		};
/* End PBXProject section */

/* Begin PBXResourcesBuildPhase section */
		151BDDFE269AA8210080D2A3 /* Resources */ = {
			isa = PBXResourcesBuildPhase;
			buildActionMask = 2147483647;
			files = (
				151BDE10269AA8220080D2A3 /* LaunchScreen.storyboard in Resources */,
				151BDE0D269AA8220080D2A3 /* Assets.xcassets in Resources */,
				151BDE0B269AA8210080D2A3 /* Main.storyboard in Resources */,
			);
			runOnlyForDeploymentPostprocessing = 0;
		};
/* End PBXResourcesBuildPhase section */

/* Begin PBXShellScriptBuildPhase section */
		04C0EB0CEE4A85A9855EFC89 /* [CP] Embed Pods Frameworks */ = {
			isa = PBXShellScriptBuildPhase;
			buildActionMask = 2147483647;
			files = (
			);
			inputFileListPaths = (
				"${PODS_ROOT}/Target Support Files/Pods-YPImagePicker-Prac/Pods-YPImagePicker-Prac-frameworks-${CONFIGURATION}-input-files.xcfilelist",
			);
			name = "[CP] Embed Pods Frameworks";
			outputFileListPaths = (
				"${PODS_ROOT}/Target Support Files/Pods-YPImagePicker-Prac/Pods-YPImagePicker-Prac-frameworks-${CONFIGURATION}-output-files.xcfilelist",
			);
			runOnlyForDeploymentPostprocessing = 0;
			shellPath = /bin/sh;
			shellScript = "\"${PODS_ROOT}/Target Support Files/Pods-YPImagePicker-Prac/Pods-YPImagePicker-Prac-frameworks.sh\"\n";
			showEnvVarsInLog = 0;
		};
		B5FC62D444E58DD5943B7ABB /* [CP] Check Pods Manifest.lock */ = {
			isa = PBXShellScriptBuildPhase;
			buildActionMask = 2147483647;
			files = (
			);
			inputFileListPaths = (
			);
			inputPaths = (
				"${PODS_PODFILE_DIR_PATH}/Podfile.lock",
				"${PODS_ROOT}/Manifest.lock",
			);
			name = "[CP] Check Pods Manifest.lock";
			outputFileListPaths = (
			);
			outputPaths = (
				"$(DERIVED_FILE_DIR)/Pods-YPImagePicker-Prac-checkManifestLockResult.txt",
			);
			runOnlyForDeploymentPostprocessing = 0;
			shellPath = /bin/sh;
			shellScript = "diff \"${PODS_PODFILE_DIR_PATH}/Podfile.lock\" \"${PODS_ROOT}/Manifest.lock\" > /dev/null\nif [ $? != 0 ] ; then\n    # print error to STDERR\n    echo \"error: The sandbox is not in sync with the Podfile.lock. Run 'pod install' or update your CocoaPods installation.\" >&2\n    exit 1\nfi\n# This output is used by Xcode 'outputs' to avoid re-running this script phase.\necho \"SUCCESS\" > \"${SCRIPT_OUTPUT_FILE_0}\"\n";
			showEnvVarsInLog = 0;
		};
/* End PBXShellScriptBuildPhase section */

/* Begin PBXSourcesBuildPhase section */
		151BDDFC269AA8210080D2A3 /* Sources */ = {
			isa = PBXSourcesBuildPhase;
			buildActionMask = 2147483647;
			files = (
				151BDE08269AA8210080D2A3 /* ViewController.swift in Sources */,
				151BDE04269AA8210080D2A3 /* AppDelegate.swift in Sources */,
				151BDE06269AA8210080D2A3 /* SceneDelegate.swift in Sources */,
			);
			runOnlyForDeploymentPostprocessing = 0;
		};
/* End PBXSourcesBuildPhase section */

/* Begin PBXVariantGroup section */
		151BDE09269AA8210080D2A3 /* Main.storyboard */ = {
			isa = PBXVariantGroup;
			children = (
				151BDE0A269AA8210080D2A3 /* Base */,
			);
			name = Main.storyboard;
			sourceTree = "<group>";
		};
		151BDE0E269AA8220080D2A3 /* LaunchScreen.storyboard */ = {
			isa = PBXVariantGroup;
			children = (
				151BDE0F269AA8220080D2A3 /* Base */,
			);
			name = LaunchScreen.storyboard;
			sourceTree = "<group>";
		};
/* End PBXVariantGroup section */

/* Begin XCBuildConfiguration section */
		151BDE12269AA8220080D2A3 /* Debug */ = {
			isa = XCBuildConfiguration;
			buildSettings = {
				ALWAYS_SEARCH_USER_PATHS = NO;
				CLANG_ANALYZER_NONNULL = YES;
				CLANG_ANALYZER_NUMBER_OBJECT_CONVERSION = YES_AGGRESSIVE;
				CLANG_CXX_LANGUAGE_STANDARD = "gnu++14";
				CLANG_CXX_LIBRARY = "libc++";
				CLANG_ENABLE_MODULES = YES;
				CLANG_ENABLE_OBJC_ARC = YES;
				CLANG_ENABLE_OBJC_WEAK = YES;
				CLANG_WARN_BLOCK_CAPTURE_AUTORELEASING = YES;
				CLANG_WARN_BOOL_CONVERSION = YES;
				CLANG_WARN_COMMA = YES;
				CLANG_WARN_CONSTANT_CONVERSION = YES;
				CLANG_WARN_DEPRECATED_OBJC_IMPLEMENTATIONS = YES;
				CLANG_WARN_DIRECT_OBJC_ISA_USAGE = YES_ERROR;
				CLANG_WARN_DOCUMENTATION_COMMENTS = YES;
				CLANG_WARN_EMPTY_BODY = YES;
				CLANG_WARN_ENUM_CONVERSION = YES;
				CLANG_WARN_INFINITE_RECURSION = YES;
				CLANG_WARN_INT_CONVERSION = YES;
				CLANG_WARN_NON_LITERAL_NULL_CONVERSION = YES;
				CLANG_WARN_OBJC_IMPLICIT_RETAIN_SELF = YES;
				CLANG_WARN_OBJC_LITERAL_CONVERSION = YES;
				CLANG_WARN_OBJC_ROOT_CLASS = YES_ERROR;
				CLANG_WARN_QUOTED_INCLUDE_IN_FRAMEWORK_HEADER = YES;
				CLANG_WARN_RANGE_LOOP_ANALYSIS = YES;
				CLANG_WARN_STRICT_PROTOTYPES = YES;
				CLANG_WARN_SUSPICIOUS_MOVE = YES;
				CLANG_WARN_UNGUARDED_AVAILABILITY = YES_AGGRESSIVE;
				CLANG_WARN_UNREACHABLE_CODE = YES;
				CLANG_WARN__DUPLICATE_METHOD_MATCH = YES;
				COPY_PHASE_STRIP = NO;
				DEBUG_INFORMATION_FORMAT = dwarf;
				ENABLE_STRICT_OBJC_MSGSEND = YES;
				ENABLE_TESTABILITY = YES;
				GCC_C_LANGUAGE_STANDARD = gnu11;
				GCC_DYNAMIC_NO_PIC = NO;
				GCC_NO_COMMON_BLOCKS = YES;
				GCC_OPTIMIZATION_LEVEL = 0;
				GCC_PREPROCESSOR_DEFINITIONS = (
					"DEBUG=1",
					"$(inherited)",
				);
				GCC_WARN_64_TO_32_BIT_CONVERSION = YES;
				GCC_WARN_ABOUT_RETURN_TYPE = YES_ERROR;
				GCC_WARN_UNDECLARED_SELECTOR = YES;
				GCC_WARN_UNINITIALIZED_AUTOS = YES_AGGRESSIVE;
				GCC_WARN_UNUSED_FUNCTION = YES;
				GCC_WARN_UNUSED_VARIABLE = YES;
				IPHONEOS_DEPLOYMENT_TARGET = 14.5;
				MTL_ENABLE_DEBUG_INFO = INCLUDE_SOURCE;
				MTL_FAST_MATH = YES;
				ONLY_ACTIVE_ARCH = YES;
				SDKROOT = iphoneos;
				SWIFT_ACTIVE_COMPILATION_CONDITIONS = DEBUG;
				SWIFT_OPTIMIZATION_LEVEL = "-Onone";
			};
			name = Debug;
		};
		151BDE13269AA8220080D2A3 /* Release */ = {
			isa = XCBuildConfiguration;
			buildSettings = {
				ALWAYS_SEARCH_USER_PATHS = NO;
				CLANG_ANALYZER_NONNULL = YES;
				CLANG_ANALYZER_NUMBER_OBJECT_CONVERSION = YES_AGGRESSIVE;
				CLANG_CXX_LANGUAGE_STANDARD = "gnu++14";
				CLANG_CXX_LIBRARY = "libc++";
				CLANG_ENABLE_MODULES = YES;
				CLANG_ENABLE_OBJC_ARC = YES;
				CLANG_ENABLE_OBJC_WEAK = YES;
				CLANG_WARN_BLOCK_CAPTURE_AUTORELEASING = YES;
				CLANG_WARN_BOOL_CONVERSION = YES;
				CLANG_WARN_COMMA = YES;
				CLANG_WARN_CONSTANT_CONVERSION = YES;
				CLANG_WARN_DEPRECATED_OBJC_IMPLEMENTATIONS = YES;
				CLANG_WARN_DIRECT_OBJC_ISA_USAGE = YES_ERROR;
				CLANG_WARN_DOCUMENTATION_COMMENTS = YES;
				CLANG_WARN_EMPTY_BODY = YES;
				CLANG_WARN_ENUM_CONVERSION = YES;
				CLANG_WARN_INFINITE_RECURSION = YES;
				CLANG_WARN_INT_CONVERSION = YES;
				CLANG_WARN_NON_LITERAL_NULL_CONVERSION = YES;
				CLANG_WARN_OBJC_IMPLICIT_RETAIN_SELF = YES;
				CLANG_WARN_OBJC_LITERAL_CONVERSION = YES;
				CLANG_WARN_OBJC_ROOT_CLASS = YES_ERROR;
				CLANG_WARN_QUOTED_INCLUDE_IN_FRAMEWORK_HEADER = YES;
				CLANG_WARN_RANGE_LOOP_ANALYSIS = YES;
				CLANG_WARN_STRICT_PROTOTYPES = YES;
				CLANG_WARN_SUSPICIOUS_MOVE = YES;
				CLANG_WARN_UNGUARDED_AVAILABILITY = YES_AGGRESSIVE;
				CLANG_WARN_UNREACHABLE_CODE = YES;
				CLANG_WARN__DUPLICATE_METHOD_MATCH = YES;
				COPY_PHASE_STRIP = NO;
				DEBUG_INFORMATION_FORMAT = "dwarf-with-dsym";
				ENABLE_NS_ASSERTIONS = NO;
				ENABLE_STRICT_OBJC_MSGSEND = YES;
				GCC_C_LANGUAGE_STANDARD = gnu11;
				GCC_NO_COMMON_BLOCKS = YES;
				GCC_WARN_64_TO_32_BIT_CONVERSION = YES;
				GCC_WARN_ABOUT_RETURN_TYPE = YES_ERROR;
				GCC_WARN_UNDECLARED_SELECTOR = YES;
				GCC_WARN_UNINITIALIZED_AUTOS = YES_AGGRESSIVE;
				GCC_WARN_UNUSED_FUNCTION = YES;
				GCC_WARN_UNUSED_VARIABLE = YES;
				IPHONEOS_DEPLOYMENT_TARGET = 14.5;
				MTL_ENABLE_DEBUG_INFO = NO;
				MTL_FAST_MATH = YES;
				SDKROOT = iphoneos;
				SWIFT_COMPILATION_MODE = wholemodule;
				SWIFT_OPTIMIZATION_LEVEL = "-O";
				VALIDATE_PRODUCT = YES;
			};
			name = Release;
		};
		151BDE15269AA8220080D2A3 /* Debug */ = {
			isa = XCBuildConfiguration;
			baseConfigurationReference = 8E2B3D5CEC06461C0B0D711C /* Pods-YPImagePicker-Prac.debug.xcconfig */;
			buildSettings = {
				ASSETCATALOG_COMPILER_APPICON_NAME = AppIcon;
				ASSETCATALOG_COMPILER_GLOBAL_ACCENT_COLOR_NAME = AccentColor;
				CODE_SIGN_STYLE = Automatic;
				INFOPLIST_FILE = "YPImagePicker-Prac/Info.plist";
				LD_RUNPATH_SEARCH_PATHS = (
					"$(inherited)",
					"@executable_path/Frameworks",
				);
				PRODUCT_BUNDLE_IDENTIFIER = "kimhyesu.YPImagePicker-Prac";
				PRODUCT_NAME = "$(TARGET_NAME)";
				SWIFT_VERSION = 5.0;
				TARGETED_DEVICE_FAMILY = "1,2";
			};
			name = Debug;
		};
		151BDE16269AA8220080D2A3 /* Release */ = {
			isa = XCBuildConfiguration;
			baseConfigurationReference = 5EC1E9A519766BE0B676BD19 /* Pods-YPImagePicker-Prac.release.xcconfig */;
			buildSettings = {
				ASSETCATALOG_COMPILER_APPICON_NAME = AppIcon;
				ASSETCATALOG_COMPILER_GLOBAL_ACCENT_COLOR_NAME = AccentColor;
				CODE_SIGN_STYLE = Automatic;
				INFOPLIST_FILE = "YPImagePicker-Prac/Info.plist";
				LD_RUNPATH_SEARCH_PATHS = (
					"$(inherited)",
					"@executable_path/Frameworks",
				);
				PRODUCT_BUNDLE_IDENTIFIER = "kimhyesu.YPImagePicker-Prac";
				PRODUCT_NAME = "$(TARGET_NAME)";
				SWIFT_VERSION = 5.0;
				TARGETED_DEVICE_FAMILY = "1,2";
			};
			name = Release;
		};
/* End XCBuildConfiguration section */

/* Begin XCConfigurationList section */
		151BDDFB269AA8210080D2A3 /* Build configuration list for PBXProject "YPImagePicker-Prac" */ = {
			isa = XCConfigurationList;
			buildConfigurations = (
				151BDE12269AA8220080D2A3 /* Debug */,
				151BDE13269AA8220080D2A3 /* Release */,
			);
			defaultConfigurationIsVisible = 0;
			defaultConfigurationName = Release;
		};
		151BDE14269AA8220080D2A3 /* Build configuration list for PBXNativeTarget "YPImagePicker-Prac" */ = {
			isa = XCConfigurationList;
			buildConfigurations = (
				151BDE15269AA8220080D2A3 /* Debug */,
				151BDE16269AA8220080D2A3 /* Release */,
			);
			defaultConfigurationIsVisible = 0;
			defaultConfigurationName = Release;
		};
/* End XCConfigurationList section */
	};
	rootObject = 151BDDF8269AA8210080D2A3 /* Project object */;
}
