// !$*UTF8*$!
{
	archiveVersion = 1;
	classes = {
	};
	objectVersion = 50;
	objects = {

/* Begin PBXBuildFile section */
		153462B72694415400060E44 /* AppDelegate.swift in Sources */ = {isa = PBXBuildFile; fileRef = 153462B62694415400060E44 /* AppDelegate.swift */; };
		153462B92694415400060E44 /* SceneDelegate.swift in Sources */ = {isa = PBXBuildFile; fileRef = 153462B82694415400060E44 /* SceneDelegate.swift */; };
		153462BB2694415400060E44 /* ViewController.swift in Sources */ = {isa = PBXBuildFile; fileRef = 153462BA2694415400060E44 /* ViewController.swift */; };
		153462BE2694415400060E44 /* Main.storyboard in Resources */ = {isa = PBXBuildFile; fileRef = 153462BC2694415400060E44 /* Main.storyboard */; };
		153462C02694415800060E44 /* Assets.xcassets in Resources */ = {isa = PBXBuildFile; fileRef = 153462BF2694415800060E44 /* Assets.xcassets */; };
		153462C32694415800060E44 /* LaunchScreen.storyboard in Resources */ = {isa = PBXBuildFile; fileRef = 153462C12694415800060E44 /* LaunchScreen.storyboard */; };
		153462CC269441F300060E44 /* mainTVC.swift in Sources */ = {isa = PBXBuildFile; fileRef = 153462CA269441F300060E44 /* mainTVC.swift */; };
		153462CD269441F300060E44 /* mainTVC.xib in Resources */ = {isa = PBXBuildFile; fileRef = 153462CB269441F300060E44 /* mainTVC.xib */; };
		153462D92694518900060E44 /* mainCVC.swift in Sources */ = {isa = PBXBuildFile; fileRef = 153462D72694518900060E44 /* mainCVC.swift */; };
		153462DA2694518900060E44 /* mainCVC.xib in Resources */ = {isa = PBXBuildFile; fileRef = 153462D82694518900060E44 /* mainCVC.xib */; };
/* End PBXBuildFile section */

/* Begin PBXFileReference section */
		153462B32694415400060E44 /* TableInCollection-Prac.app */ = {isa = PBXFileReference; explicitFileType = wrapper.application; includeInIndex = 0; path = "TableInCollection-Prac.app"; sourceTree = BUILT_PRODUCTS_DIR; };
		153462B62694415400060E44 /* AppDelegate.swift */ = {isa = PBXFileReference; lastKnownFileType = sourcecode.swift; path = AppDelegate.swift; sourceTree = "<group>"; };
		153462B82694415400060E44 /* SceneDelegate.swift */ = {isa = PBXFileReference; lastKnownFileType = sourcecode.swift; path = SceneDelegate.swift; sourceTree = "<group>"; };
		153462BA2694415400060E44 /* ViewController.swift */ = {isa = PBXFileReference; lastKnownFileType = sourcecode.swift; path = ViewController.swift; sourceTree = "<group>"; };
		153462BD2694415400060E44 /* Base */ = {isa = PBXFileReference; lastKnownFileType = file.storyboard; name = Base; path = Base.lproj/Main.storyboard; sourceTree = "<group>"; };
		153462BF2694415800060E44 /* Assets.xcassets */ = {isa = PBXFileReference; lastKnownFileType = folder.assetcatalog; path = Assets.xcassets; sourceTree = "<group>"; };
		153462C22694415800060E44 /* Base */ = {isa = PBXFileReference; lastKnownFileType = file.storyboard; name = Base; path = Base.lproj/LaunchScreen.storyboard; sourceTree = "<group>"; };
		153462C42694415800060E44 /* Info.plist */ = {isa = PBXFileReference; lastKnownFileType = text.plist.xml; path = Info.plist; sourceTree = "<group>"; };
		153462CA269441F300060E44 /* mainTVC.swift */ = {isa = PBXFileReference; lastKnownFileType = sourcecode.swift; path = mainTVC.swift; sourceTree = "<group>"; };
		153462CB269441F300060E44 /* mainTVC.xib */ = {isa = PBXFileReference; lastKnownFileType = file.xib; path = mainTVC.xib; sourceTree = "<group>"; };
		153462D72694518900060E44 /* mainCVC.swift */ = {isa = PBXFileReference; lastKnownFileType = sourcecode.swift; path = mainCVC.swift; sourceTree = "<group>"; };
		153462D82694518900060E44 /* mainCVC.xib */ = {isa = PBXFileReference; lastKnownFileType = file.xib; path = mainCVC.xib; sourceTree = "<group>"; };
/* End PBXFileReference section */

/* Begin PBXFrameworksBuildPhase section */
		153462B02694415400060E44 /* Frameworks */ = {
			isa = PBXFrameworksBuildPhase;
			buildActionMask = 2147483647;
			files = (
			);
			runOnlyForDeploymentPostprocessing = 0;
		};
/* End PBXFrameworksBuildPhase section */

/* Begin PBXGroup section */
		153462AA2694415400060E44 = {
			isa = PBXGroup;
			children = (
				153462B52694415400060E44 /* TableInCollection-Prac */,
				153462B42694415400060E44 /* Products */,
			);
			sourceTree = "<group>";
		};
		153462B42694415400060E44 /* Products */ = {
			isa = PBXGroup;
			children = (
				153462B32694415400060E44 /* TableInCollection-Prac.app */,
			);
			name = Products;
			sourceTree = "<group>";
		};
		153462B52694415400060E44 /* TableInCollection-Prac */ = {
			isa = PBXGroup;
			children = (
				153462B62694415400060E44 /* AppDelegate.swift */,
				153462B82694415400060E44 /* SceneDelegate.swift */,
				153462BA2694415400060E44 /* ViewController.swift */,
				153462CA269441F300060E44 /* mainTVC.swift */,
				153462CB269441F300060E44 /* mainTVC.xib */,
				153462D72694518900060E44 /* mainCVC.swift */,
				153462D82694518900060E44 /* mainCVC.xib */,
				153462BC2694415400060E44 /* Main.storyboard */,
				153462BF2694415800060E44 /* Assets.xcassets */,
				153462C12694415800060E44 /* LaunchScreen.storyboard */,
				153462C42694415800060E44 /* Info.plist */,
			);
			path = "TableInCollection-Prac";
			sourceTree = "<group>";
		};
/* End PBXGroup section */

/* Begin PBXNativeTarget section */
		153462B22694415400060E44 /* TableInCollection-Prac */ = {
			isa = PBXNativeTarget;
			buildConfigurationList = 153462C72694415800060E44 /* Build configuration list for PBXNativeTarget "TableInCollection-Prac" */;
			buildPhases = (
				153462AF2694415400060E44 /* Sources */,
				153462B02694415400060E44 /* Frameworks */,
				153462B12694415400060E44 /* Resources */,
			);
			buildRules = (
			);
			dependencies = (
			);
			name = "TableInCollection-Prac";
			productName = "TableInCollection-Prac";
			productReference = 153462B32694415400060E44 /* TableInCollection-Prac.app */;
			productType = "com.apple.product-type.application";
		};
/* End PBXNativeTarget section */

/* Begin PBXProject section */
		153462AB2694415400060E44 /* Project object */ = {
			isa = PBXProject;
			attributes = {
				LastSwiftUpdateCheck = 1250;
				LastUpgradeCheck = 1250;
				TargetAttributes = {
					153462B22694415400060E44 = {
						CreatedOnToolsVersion = 12.5;
					};
				};
			};
			buildConfigurationList = 153462AE2694415400060E44 /* Build configuration list for PBXProject "TableInCollection-Prac" */;
			compatibilityVersion = "Xcode 9.3";
			developmentRegion = en;
			hasScannedForEncodings = 0;
			knownRegions = (
				en,
				Base,
			);
			mainGroup = 153462AA2694415400060E44;
			productRefGroup = 153462B42694415400060E44 /* Products */;
			projectDirPath = "";
			projectRoot = "";
			targets = (
				153462B22694415400060E44 /* TableInCollection-Prac */,
			);
		};
/* End PBXProject section */

/* Begin PBXResourcesBuildPhase section */
		153462B12694415400060E44 /* Resources */ = {
			isa = PBXResourcesBuildPhase;
			buildActionMask = 2147483647;
			files = (
				153462C32694415800060E44 /* LaunchScreen.storyboard in Resources */,
				153462C02694415800060E44 /* Assets.xcassets in Resources */,
				153462CD269441F300060E44 /* mainTVC.xib in Resources */,
				153462BE2694415400060E44 /* Main.storyboard in Resources */,
				153462DA2694518900060E44 /* mainCVC.xib in Resources */,
			);
			runOnlyForDeploymentPostprocessing = 0;
		};
/* End PBXResourcesBuildPhase section */

/* Begin PBXSourcesBuildPhase section */
		153462AF2694415400060E44 /* Sources */ = {
			isa = PBXSourcesBuildPhase;
			buildActionMask = 2147483647;
			files = (
				153462D92694518900060E44 /* mainCVC.swift in Sources */,
				153462BB2694415400060E44 /* ViewController.swift in Sources */,
				153462B72694415400060E44 /* AppDelegate.swift in Sources */,
				153462CC269441F300060E44 /* mainTVC.swift in Sources */,
				153462B92694415400060E44 /* SceneDelegate.swift in Sources */,
			);
			runOnlyForDeploymentPostprocessing = 0;
		};
/* End PBXSourcesBuildPhase section */

/* Begin PBXVariantGroup section */
		153462BC2694415400060E44 /* Main.storyboard */ = {
			isa = PBXVariantGroup;
			children = (
				153462BD2694415400060E44 /* Base */,
			);
			name = Main.storyboard;
			sourceTree = "<group>";
		};
		153462C12694415800060E44 /* LaunchScreen.storyboard */ = {
			isa = PBXVariantGroup;
			children = (
				153462C22694415800060E44 /* Base */,
			);
			name = LaunchScreen.storyboard;
			sourceTree = "<group>";
		};
/* End PBXVariantGroup section */

/* Begin XCBuildConfiguration section */
		153462C52694415800060E44 /* Debug */ = {
			isa = XCBuildConfiguration;
			buildSettings = {
				ALWAYS_SEARCH_USER_PATHS = NO;
				CLANG_ANALYZER_NONNULL = YES;
				CLANG_ANALYZER_NUMBER_OBJECT_CONVERSION = YES_AGGRESSIVE;
				CLANG_CXX_LANGUAGE_STANDARD = "gnu++14";
				CLANG_CXX_LIBRARY = "libc++";
				CLANG_ENABLE_MODULES = YES;
				CLANG_ENABLE_OBJC_ARC = YES;
				CLANG_ENABLE_OBJC_WEAK = YES;
				CLANG_WARN_BLOCK_CAPTURE_AUTORELEASING = YES;
				CLANG_WARN_BOOL_CONVERSION = YES;
				CLANG_WARN_COMMA = YES;
				CLANG_WARN_CONSTANT_CONVERSION = YES;
				CLANG_WARN_DEPRECATED_OBJC_IMPLEMENTATIONS = YES;
				CLANG_WARN_DIRECT_OBJC_ISA_USAGE = YES_ERROR;
				CLANG_WARN_DOCUMENTATION_COMMENTS = YES;
				CLANG_WARN_EMPTY_BODY = YES;
				CLANG_WARN_ENUM_CONVERSION = YES;
				CLANG_WARN_INFINITE_RECURSION = YES;
				CLANG_WARN_INT_CONVERSION = YES;
				CLANG_WARN_NON_LITERAL_NULL_CONVERSION = YES;
				CLANG_WARN_OBJC_IMPLICIT_RETAIN_SELF = YES;
				CLANG_WARN_OBJC_LITERAL_CONVERSION = YES;
				CLANG_WARN_OBJC_ROOT_CLASS = YES_ERROR;
				CLANG_WARN_QUOTED_INCLUDE_IN_FRAMEWORK_HEADER = YES;
				CLANG_WARN_RANGE_LOOP_ANALYSIS = YES;
				CLANG_WARN_STRICT_PROTOTYPES = YES;
				CLANG_WARN_SUSPICIOUS_MOVE = YES;
				CLANG_WARN_UNGUARDED_AVAILABILITY = YES_AGGRESSIVE;
				CLANG_WARN_UNREACHABLE_CODE = YES;
				CLANG_WARN__DUPLICATE_METHOD_MATCH = YES;
				COPY_PHASE_STRIP = NO;
				DEBUG_INFORMATION_FORMAT = dwarf;
				ENABLE_STRICT_OBJC_MSGSEND = YES;
				ENABLE_TESTABILITY = YES;
				GCC_C_LANGUAGE_STANDARD = gnu11;
				GCC_DYNAMIC_NO_PIC = NO;
				GCC_NO_COMMON_BLOCKS = YES;
				GCC_OPTIMIZATION_LEVEL = 0;
				GCC_PREPROCESSOR_DEFINITIONS = (
					"DEBUG=1",
					"$(inherited)",
				);
				GCC_WARN_64_TO_32_BIT_CONVERSION = YES;
				GCC_WARN_ABOUT_RETURN_TYPE = YES_ERROR;
				GCC_WARN_UNDECLARED_SELECTOR = YES;
				GCC_WARN_UNINITIALIZED_AUTOS = YES_AGGRESSIVE;
				GCC_WARN_UNUSED_FUNCTION = YES;
				GCC_WARN_UNUSED_VARIABLE = YES;
				IPHONEOS_DEPLOYMENT_TARGET = 14.5;
				MTL_ENABLE_DEBUG_INFO = INCLUDE_SOURCE;
				MTL_FAST_MATH = YES;
				ONLY_ACTIVE_ARCH = YES;
				SDKROOT = iphoneos;
				SWIFT_ACTIVE_COMPILATION_CONDITIONS = DEBUG;
				SWIFT_OPTIMIZATION_LEVEL = "-Onone";
			};
			name = Debug;
		};
		153462C62694415800060E44 /* Release */ = {
			isa = XCBuildConfiguration;
			buildSettings = {
				ALWAYS_SEARCH_USER_PATHS = NO;
				CLANG_ANALYZER_NONNULL = YES;
				CLANG_ANALYZER_NUMBER_OBJECT_CONVERSION = YES_AGGRESSIVE;
				CLANG_CXX_LANGUAGE_STANDARD = "gnu++14";
				CLANG_CXX_LIBRARY = "libc++";
				CLANG_ENABLE_MODULES = YES;
				CLANG_ENABLE_OBJC_ARC = YES;
				CLANG_ENABLE_OBJC_WEAK = YES;
				CLANG_WARN_BLOCK_CAPTURE_AUTORELEASING = YES;
				CLANG_WARN_BOOL_CONVERSION = YES;
				CLANG_WARN_COMMA = YES;
				CLANG_WARN_CONSTANT_CONVERSION = YES;
				CLANG_WARN_DEPRECATED_OBJC_IMPLEMENTATIONS = YES;
				CLANG_WARN_DIRECT_OBJC_ISA_USAGE = YES_ERROR;
				CLANG_WARN_DOCUMENTATION_COMMENTS = YES;
				CLANG_WARN_EMPTY_BODY = YES;
				CLANG_WARN_ENUM_CONVERSION = YES;
				CLANG_WARN_INFINITE_RECURSION = YES;
				CLANG_WARN_INT_CONVERSION = YES;
				CLANG_WARN_NON_LITERAL_NULL_CONVERSION = YES;
				CLANG_WARN_OBJC_IMPLICIT_RETAIN_SELF = YES;
				CLANG_WARN_OBJC_LITERAL_CONVERSION = YES;
				CLANG_WARN_OBJC_ROOT_CLASS = YES_ERROR;
				CLANG_WARN_QUOTED_INCLUDE_IN_FRAMEWORK_HEADER = YES;
				CLANG_WARN_RANGE_LOOP_ANALYSIS = YES;
				CLANG_WARN_STRICT_PROTOTYPES = YES;
				CLANG_WARN_SUSPICIOUS_MOVE = YES;
				CLANG_WARN_UNGUARDED_AVAILABILITY = YES_AGGRESSIVE;
				CLANG_WARN_UNREACHABLE_CODE = YES;
				CLANG_WARN__DUPLICATE_METHOD_MATCH = YES;
				COPY_PHASE_STRIP = NO;
				DEBUG_INFORMATION_FORMAT = "dwarf-with-dsym";
				ENABLE_NS_ASSERTIONS = NO;
				ENABLE_STRICT_OBJC_MSGSEND = YES;
				GCC_C_LANGUAGE_STANDARD = gnu11;
				GCC_NO_COMMON_BLOCKS = YES;
				GCC_WARN_64_TO_32_BIT_CONVERSION = YES;
				GCC_WARN_ABOUT_RETURN_TYPE = YES_ERROR;
				GCC_WARN_UNDECLARED_SELECTOR = YES;
				GCC_WARN_UNINITIALIZED_AUTOS = YES_AGGRESSIVE;
				GCC_WARN_UNUSED_FUNCTION = YES;
				GCC_WARN_UNUSED_VARIABLE = YES;
				IPHONEOS_DEPLOYMENT_TARGET = 14.5;
				MTL_ENABLE_DEBUG_INFO = NO;
				MTL_FAST_MATH = YES;
				SDKROOT = iphoneos;
				SWIFT_COMPILATION_MODE = wholemodule;
				SWIFT_OPTIMIZATION_LEVEL = "-O";
				VALIDATE_PRODUCT = YES;
			};
			name = Release;
		};
		153462C82694415800060E44 /* Debug */ = {
			isa = XCBuildConfiguration;
			buildSettings = {
				ASSETCATALOG_COMPILER_APPICON_NAME = AppIcon;
				ASSETCATALOG_COMPILER_GLOBAL_ACCENT_COLOR_NAME = AccentColor;
				CODE_SIGN_STYLE = Automatic;
				INFOPLIST_FILE = "TableInCollection-Prac/Info.plist";
				LD_RUNPATH_SEARCH_PATHS = (
					"$(inherited)",
					"@executable_path/Frameworks",
				);
				PRODUCT_BUNDLE_IDENTIFIER = "kimhyesu.TableInCollection-Prac";
				PRODUCT_NAME = "$(TARGET_NAME)";
				SWIFT_VERSION = 5.0;
				TARGETED_DEVICE_FAMILY = "1,2";
			};
			name = Debug;
		};
		153462C92694415800060E44 /* Release */ = {
			isa = XCBuildConfiguration;
			buildSettings = {
				ASSETCATALOG_COMPILER_APPICON_NAME = AppIcon;
				ASSETCATALOG_COMPILER_GLOBAL_ACCENT_COLOR_NAME = AccentColor;
				CODE_SIGN_STYLE = Automatic;
				INFOPLIST_FILE = "TableInCollection-Prac/Info.plist";
				LD_RUNPATH_SEARCH_PATHS = (
					"$(inherited)",
					"@executable_path/Frameworks",
				);
				PRODUCT_BUNDLE_IDENTIFIER = "kimhyesu.TableInCollection-Prac";
				PRODUCT_NAME = "$(TARGET_NAME)";
				SWIFT_VERSION = 5.0;
				TARGETED_DEVICE_FAMILY = "1,2";
			};
			name = Release;
		};
/* End XCBuildConfiguration section */

/* Begin XCConfigurationList section */
		153462AE2694415400060E44 /* Build configuration list for PBXProject "TableInCollection-Prac" */ = {
			isa = XCConfigurationList;
			buildConfigurations = (
				153462C52694415800060E44 /* Debug */,
				153462C62694415800060E44 /* Release */,
			);
			defaultConfigurationIsVisible = 0;
			defaultConfigurationName = Release;
		};
		153462C72694415800060E44 /* Build configuration list for PBXNativeTarget "TableInCollection-Prac" */ = {
			isa = XCConfigurationList;
			buildConfigurations = (
				153462C82694415800060E44 /* Debug */,
				153462C92694415800060E44 /* Release */,
			);
			defaultConfigurationIsVisible = 0;
			defaultConfigurationName = Release;
		};
/* End XCConfigurationList section */
	};
	rootObject = 153462AB2694415400060E44 /* Project object */;
}
